# This file is autogenerated, do not edit; changes may be undone by the next 'dep ensure'.


[[projects]]
  branch = "master"
  name = "github.com/globalsign/mgo"
  packages = [
    ".",
    "bson",
    "internal/json",
    "internal/sasl",
    "internal/scram"
  ]
  revision = "baa28fcb8e7d5dfab92026c0920cb6c9ae72faa2"

[[projects]]
  branch = "master"
  name = "github.com/icza/mighty"
  packages = ["."]
  revision = "6304d21ca6455c798ab31653f668c1f5577128de"

[[projects]]
  branch = "v2"
  name = "gopkg.in/mgo.v2"
  packages = [
    "bson",
    "internal/json"
  ]
  revision = "3f83fa5005286a7fe593b055f0d7771a7dce4655"

[solve-meta]
  analyzer-name = "dep"
  analyzer-version = 1
  inputs-digest = "24bfbb27208e1e0c276ffdc23da4ecb56b70881d02e8c1620b1aa41a85eaa6f7"
  solver-name = "gps-cdcl"
  solver-version = 1
